
Microsoft Visual Studio Solution File, Format Version 12.00
# Visual Studio 15
VisualStudioVersion = 15.0.28010.2026
MinimumVisualStudioVersion = 10.0.40219.1
Project("{FAE04EC0-301F-11D3-BF4B-00C04F79EFBC}") = "ProceduralOCR", "ProceduralOCR.csproj", "{D5879DC0-00E3-4DDB-AA61-4A7A7A2F8B3C}"
EndProject
Project("{FAE04EC0-301F-11D3-BF4B-00C04F79EFBC}") = "UnitTests", "UnitTests\UnitTests.csproj", "{A73B9210-A72D-4010-975B-7B5483027989}"
EndProject
Global
	GlobalSection(SolutionConfigurationPlatforms) = preSolution
		Debug|Any CPU = Debug|Any CPU
		Release|Any CPU = Release|Any CPU
	EndGlobalSection
	GlobalSection(ProjectConfigurationPlatforms) = postSolution
		{D5879DC0-00E3-4DDB-AA61-4A7A7A2F8B3C}.Debug|Any CPU.ActiveCfg = Debug|Any CPU
		{D5879DC0-00E3-4DDB-AA61-4A7A7A2F8B3C}.Debug|Any CPU.Build.0 = Debug|Any CPU
		{D5879DC0-00E3-4DDB-AA61-4A7A7A2F8B3C}.Release|Any CPU.ActiveCfg = Release|Any CPU
		{D5879DC0-00E3-4DDB-AA61-4A7A7A2F8B3C}.Release|Any CPU.Build.0 = Release|Any CPU
		{A73B9210-A72D-4010-975B-7B5483027989}.Debug|Any CPU.ActiveCfg = Debug|Any CPU
		{A73B9210-A72D-4010-975B-7B5483027989}.Debug|Any CPU.Build.0 = Debug|Any CPU
		{A73B9210-A72D-4010-975B-7B5483027989}.Release|Any CPU.ActiveCfg = Release|Any CPU
		{A73B9210-A72D-4010-975B-7B5483027989}.Release|Any CPU.Build.0 = Release|Any CPU
	EndGlobalSection
	GlobalSection(SolutionProperties) = preSolution
		HideSolutionNode = FALSE
	EndGlobalSection
	GlobalSection(ExtensibilityGlobals) = postSolution
		SolutionGuid = {E01997DC-0C49-4629-8C2C-E696AE7FCC73}
	EndGlobalSection
EndGlobal
